
Microsoft Visual Studio Solution File, Format Version 12.00
# Visual Studio Version 17
VisualStudioVersion = 17.14.36511.14 d17.14
MinimumVisualStudioVersion = 10.0.40219.1
Project("{FAE04EC0-301F-11D3-BF4B-00C04F79EFBC}") = "SCP2006", "SCP2006.csproj", "{93692FE2-0F73-4E1D-A71B-06EBB68CBB5B}"
EndProject
Global
	GlobalSection(SolutionConfigurationPlatforms) = preSolution
		Debug|Any CPU = Debug|Any CPU
		Release|Any CPU = Release|Any CPU
	EndGlobalSection
	GlobalSection(ProjectConfigurationPlatforms) = postSolution
		{93692FE2-0F73-4E1D-A71B-06EBB68CBB5B}.Debug|Any CPU.ActiveCfg = Debug|Any CPU
		{93692FE2-0F73-4E1D-A71B-06EBB68CBB5B}.Debug|Any CPU.Build.0 = Debug|Any CPU
		{93692FE2-0F73-4E1D-A71B-06EBB68CBB5B}.Release|Any CPU.ActiveCfg = Release|Any CPU
		{93692FE2-0F73-4E1D-A71B-06EBB68CBB5B}.Release|Any CPU.Build.0 = Release|Any CPU
	EndGlobalSection
	GlobalSection(SolutionProperties) = preSolution
		HideSolutionNode = FALSE
	EndGlobalSection
	GlobalSection(ExtensibilityGlobals) = postSolution
		SolutionGuid = {8990675C-6D2F-49AC-8D58-474725211E4F}
	EndGlobalSection
EndGlobal
